{
  "name": "travel",
  "version": "1.0.0",
  "lockfileVersion": 2,
  "requires": true,
  "packages": {
    "": {
      "name": "travel",
      "version": "1.0.0",
      "license": "ISC",
      "dependencies": {
        "compass": "^0.1.1",
        "compass-mixins": "^0.12.10"
      }
    },
    "node_modules/compass": {
      "version": "0.1.1",
      "resolved": "https://registry.npmjs.org/compass/-/compass-0.1.1.tgz",
      "integrity": "sha1-XFbV60QtEMGtWYnvXF6SXbYMYOE="
    },
    "node_modules/compass-mixins": {
      "version": "0.12.10",
      "resolved": "https://registry.npmjs.org/compass-mixins/-/compass-mixins-0.12.10.tgz",
      "integrity": "sha1-zZ8V+CnE6WDMQ7sibwSbKL65nUE="
    }
  },
  "dependencies": {
    "compass": {
      "version": "0.1.1",
      "resolved": "https://registry.npmjs.org/compass/-/compass-0.1.1.tgz",
      "integrity": "sha1-XFbV60QtEMGtWYnvXF6SXbYMYOE="
    },
    "compass-mixins": {
      "version": "0.12.10",
      "resolved": "https://registry.npmjs.org/compass-mixins/-/compass-mixins-0.12.10.tgz",
      "integrity": "sha1-zZ8V+CnE6WDMQ7sibwSbKL65nUE="
    }
  }
}
